Microsoft Visual Studio Solution File, Format Version 12.00
Project("{9A19103F-16F7-4668-BE54-9A1E7A4F7556}") = "XgateSmsChannel.Plugins", "XgateSmsChannel.Plugins.csproj", "{F7B50068-3CA0-4BBB-9E37-3AA0B34F8056}"
EndProject
Global
	GlobalSection(SolutionConfigurationPlatforms) = preSolution
		Debug|Any CPU = Debug|Any CPU
		Release|Any CPU = Release|Any CPU
	EndGlobalSection
	GlobalSection(ProjectConfigurationPlatforms) = postSolution
		{F7B50068-3CA0-4BBB-9E37-3AA0B34F8056}.Debug|Any CPU.ActiveCfg = Debug|Any CPU
		{F7B50068-3CA0-4BBB-9E37-3AA0B34F8056}.Debug|Any CPU.Build.0 = Debug|Any CPU
		{F7B50068-3CA0-4BBB-9E37-3AA0B34F8056}.Release|Any CPU.ActiveCfg = Release|Any CPU
		{F7B50068-3CA0-4BBB-9E37-3AA0B34F8056}.Release|Any CPU.Build.0 = Release|Any CPU
	EndGlobalSection
	GlobalSection(SolutionProperties) = preSolution
		HideSolutionNode = FALSE
	EndGlobalSection
	GlobalSection(ExtensibilityGlobals) = postSolution
		SolutionGuid = {AB255ABD-AC53-473B-BABC-3948025B89A8}
	EndGlobalSection
EndGlobal
