Microsoft Visual Studio Solution File, Format Version 12.00
Project("{9A19103F-16F7-4668-BE54-9A1E7A4F7556}") = "XgateWhatsAppChannel.Plugins", "XgateWhatsAppChannel.Plugins.csproj", "{2DF93C43-BF5C-4134-B3AC-52C28D0921A8}"
EndProject
Global
	GlobalSection(SolutionConfigurationPlatforms) = preSolution
		Debug|Any CPU = Debug|Any CPU
		Release|Any CPU = Release|Any CPU
	EndGlobalSection
	GlobalSection(ProjectConfigurationPlatforms) = postSolution
		{2DF93C43-BF5C-4134-B3AC-52C28D0921A8}.Debug|Any CPU.ActiveCfg = Debug|Any CPU
		{2DF93C43-BF5C-4134-B3AC-52C28D0921A8}.Debug|Any CPU.Build.0 = Debug|Any CPU
		{2DF93C43-BF5C-4134-B3AC-52C28D0921A8}.Release|Any CPU.ActiveCfg = Release|Any CPU
		{2DF93C43-BF5C-4134-B3AC-52C28D0921A8}.Release|Any CPU.Build.0 = Release|Any CPU
	EndGlobalSection
	GlobalSection(SolutionProperties) = preSolution
		HideSolutionNode = FALSE
	EndGlobalSection
	GlobalSection(ExtensibilityGlobals) = postSolution
		SolutionGuid = {463002FD-6FCA-47AA-9EBB-21CA977EA860}
	EndGlobalSection
EndGlobal
